
Microsoft Visual Studio Solution File, Format Version 12.00
# Visual Studio 2012
Project("{FAE04EC0-301F-11D3-BF4B-00C04F79EFBC}") = "TF_Base", "TF_Base\TF_Base.csproj", "{FDE6687E-14BD-4BEA-9DC1-DC07AD4585B0}"
EndProject
Global
	GlobalSection(SolutionConfigurationPlatforms) = preSolution
		Debug|Any CPU = Debug|Any CPU
		Release|Any CPU = Release|Any CPU
	EndGlobalSection
	GlobalSection(ProjectConfigurationPlatforms) = postSolution
		{FDE6687E-14BD-4BEA-9DC1-DC07AD4585B0}.Debug|Any CPU.ActiveCfg = Debug|Any CPU
		{FDE6687E-14BD-4BEA-9DC1-DC07AD4585B0}.Debug|Any CPU.Build.0 = Debug|Any CPU
		{FDE6687E-14BD-4BEA-9DC1-DC07AD4585B0}.Release|Any CPU.ActiveCfg = Release|Any CPU
		{FDE6687E-14BD-4BEA-9DC1-DC07AD4585B0}.Release|Any CPU.Build.0 = Release|Any CPU
	EndGlobalSection
	GlobalSection(SolutionProperties) = preSolution
		HideSolutionNode = FALSE
	EndGlobalSection
EndGlobal
