
Microsoft Visual Studio Solution File, Format Version 12.00
# Visual Studio 2012
Project("{E24C65DC-7377-472B-9ABA-BC803B73C61A}") = "DemoDia07", ".", "{DB69E7D7-E63B-4E7E-8C62-2F36CBF9B9F0}"
	ProjectSection(WebsiteProperties) = preProject
		TargetFrameworkMoniker = ".NETFramework,Version%3Dv4.5"
		Debug.AspNetCompiler.VirtualPath = "/DemoDia07"
		Debug.AspNetCompiler.PhysicalPath = "..\..\..\..\Desktop\captton\DemoDia07\"
		Debug.AspNetCompiler.TargetPath = "PrecompiledWeb\DemoDia07\"
		Debug.AspNetCompiler.Updateable = "true"
		Debug.AspNetCompiler.ForceOverwrite = "true"
		Debug.AspNetCompiler.FixedNames = "false"
		Debug.AspNetCompiler.Debug = "True"
		Release.AspNetCompiler.VirtualPath = "/DemoDia07"
		Release.AspNetCompiler.PhysicalPath = "..\..\..\..\Desktop\captton\DemoDia07\"
		Release.AspNetCompiler.TargetPath = "PrecompiledWeb\DemoDia07\"
		Release.AspNetCompiler.Updateable = "true"
		Release.AspNetCompiler.ForceOverwrite = "true"
		Release.AspNetCompiler.FixedNames = "false"
		Release.AspNetCompiler.Debug = "False"
		VWDPort = "1632"
	EndProjectSection
EndProject
Global
	GlobalSection(SolutionConfigurationPlatforms) = preSolution
		Debug|Any CPU = Debug|Any CPU
	EndGlobalSection
	GlobalSection(ProjectConfigurationPlatforms) = postSolution
		{DB69E7D7-E63B-4E7E-8C62-2F36CBF9B9F0}.Debug|Any CPU.ActiveCfg = Debug|Any CPU
		{DB69E7D7-E63B-4E7E-8C62-2F36CBF9B9F0}.Debug|Any CPU.Build.0 = Debug|Any CPU
	EndGlobalSection
	GlobalSection(SolutionProperties) = preSolution
		HideSolutionNode = FALSE
	EndGlobalSection
EndGlobal
